// !$*UTF8*$!
{
	archiveVersion = 1;
	classes = {
	};
	objectVersion = 50;
	objects = {

/* Begin PBXBuildFile section */
		C67BAD94214A38DF00A1F347 /* localDevices.json in Resources */ = {isa = PBXBuildFile; fileRef = C67BAD8C214A38DE00A1F347 /* localDevices.json */; };
		C67BAD95214A38DF00A1F347 /* DeviceCatalogue.swift in Sources */ = {isa = PBXBuildFile; fileRef = C67BAD8D214A38DE00A1F347 /* DeviceCatalogue.swift */; };
		C67BAD96214A38DF00A1F347 /* Base.lproj in Resources */ = {isa = PBXBuildFile; fileRef = C67BAD8E214A38DE00A1F347 /* Base.lproj */; };
		C67BAD97214A38DF00A1F347 /* Assets.xcassets in Resources */ = {isa = PBXBuildFile; fileRef = C67BAD8F214A38DE00A1F347 /* Assets.xcassets */; };
		C67BAD98214A38DF00A1F347 /* CatalogueTableViewController.swift in Sources */ = {isa = PBXBuildFile; fileRef = C67BAD90214A38DE00A1F347 /* CatalogueTableViewController.swift */; };
		C67BAD99214A38DF00A1F347 /* DeviceRecord.swift in Sources */ = {isa = PBXBuildFile; fileRef = C67BAD91214A38DE00A1F347 /* DeviceRecord.swift */; };
		C67BAD9A214A38DF00A1F347 /* PlaceCatalogue.swift in Sources */ = {isa = PBXBuildFile; fileRef = C67BAD92214A38DF00A1F347 /* PlaceCatalogue.swift */; };
		C67BAD9B214A38DF00A1F347 /* PlaceRecord.swift in Sources */ = {isa = PBXBuildFile; fileRef = C67BAD93214A38DF00A1F347 /* PlaceRecord.swift */; };
		C6F2518C2148B3FA00031F45 /* LocationSearchTable.swift in Sources */ = {isa = PBXBuildFile; fileRef = C6F2518B2148B3FA00031F45 /* LocationSearchTable.swift */; };
		C6FEAF2821485659009223CD /* HomeKit.framework in Frameworks */ = {isa = PBXBuildFile; fileRef = C6FEAF2721485659009223CD /* HomeKit.framework */; };
		FA96C3762146DCD600788BE0 /* AppDelegate.swift in Sources */ = {isa = PBXBuildFile; fileRef = FA96C3752146DCD600788BE0 /* AppDelegate.swift */; };
		FA96C3782146DCD600788BE0 /* ViewController.swift in Sources */ = {isa = PBXBuildFile; fileRef = FA96C3772146DCD600788BE0 /* ViewController.swift */; };
		FA96C37B2146DCD600788BE0 /* Main.storyboard in Resources */ = {isa = PBXBuildFile; fileRef = FA96C3792146DCD600788BE0 /* Main.storyboard */; };
		FA96C37D2146DCD600788BE0 /* Assets.xcassets in Resources */ = {isa = PBXBuildFile; fileRef = FA96C37C2146DCD600788BE0 /* Assets.xcassets */; };
		FA96C3802146DCD600788BE0 /* LaunchScreen.storyboard in Resources */ = {isa = PBXBuildFile; fileRef = FA96C37E2146DCD600788BE0 /* LaunchScreen.storyboard */; };
		FA96C38C2146DD5900788BE0 /* MapKit.framework in Frameworks */ = {isa = PBXBuildFile; fileRef = FA96C38B2146DD5900788BE0 /* MapKit.framework */; };
		FA96C38E2146E4C000788BE0 /* localHouse.json in Resources */ = {isa = PBXBuildFile; fileRef = FA96C38D2146E4C000788BE0 /* localHouse.json */; };
/* End PBXBuildFile section */

/* Begin PBXFileReference section */
		C67BAD8C214A38DE00A1F347 /* localDevices.json */ = {isa = PBXFileReference; fileEncoding = 4; lastKnownFileType = text.json; path = localDevices.json; sourceTree = "<group>"; };
		C67BAD8D214A38DE00A1F347 /* DeviceCatalogue.swift */ = {isa = PBXFileReference; fileEncoding = 4; lastKnownFileType = sourcecode.swift; path = DeviceCatalogue.swift; sourceTree = "<group>"; };
		C67BAD8E214A38DE00A1F347 /* Base.lproj */ = {isa = PBXFileReference; lastKnownFileType = folder; path = Base.lproj; sourceTree = "<group>"; };
		C67BAD8F214A38DE00A1F347 /* Assets.xcassets */ = {isa = PBXFileReference; lastKnownFileType = folder.assetcatalog; path = Assets.xcassets; sourceTree = "<group>"; };
		C67BAD90214A38DE00A1F347 /* CatalogueTableViewController.swift */ = {isa = PBXFileReference; fileEncoding = 4; lastKnownFileType = sourcecode.swift; path = CatalogueTableViewController.swift; sourceTree = "<group>"; };
		C67BAD91214A38DE00A1F347 /* DeviceRecord.swift */ = {isa = PBXFileReference; fileEncoding = 4; lastKnownFileType = sourcecode.swift; path = DeviceRecord.swift; sourceTree = "<group>"; };
		C67BAD92214A38DF00A1F347 /* PlaceCatalogue.swift */ = {isa = PBXFileReference; fileEncoding = 4; lastKnownFileType = sourcecode.swift; path = PlaceCatalogue.swift; sourceTree = "<group>"; };
		C67BAD93214A38DF00A1F347 /* PlaceRecord.swift */ = {isa = PBXFileReference; fileEncoding = 4; lastKnownFileType = sourcecode.swift; path = PlaceRecord.swift; sourceTree = "<group>"; };
		C6F2518B2148B3FA00031F45 /* LocationSearchTable.swift */ = {isa = PBXFileReference; lastKnownFileType = sourcecode.swift; path = LocationSearchTable.swift; sourceTree = "<group>"; };
		C6FEAF2721485659009223CD /* HomeKit.framework */ = {isa = PBXFileReference; lastKnownFileType = wrapper.framework; name = HomeKit.framework; path = System/Library/Frameworks/HomeKit.framework; sourceTree = SDKROOT; };
		FA96C3722146DCD600788BE0 /* AppHomeMapSpriteKit.app */ = {isa = PBXFileReference; explicitFileType = wrapper.application; includeInIndex = 0; path = AppHomeMapSpriteKit.app; sourceTree = BUILT_PRODUCTS_DIR; };
		FA96C3752146DCD600788BE0 /* AppDelegate.swift */ = {isa = PBXFileReference; lastKnownFileType = sourcecode.swift; path = AppDelegate.swift; sourceTree = "<group>"; };
		FA96C3772146DCD600788BE0 /* ViewController.swift */ = {isa = PBXFileReference; lastKnownFileType = sourcecode.swift; path = ViewController.swift; sourceTree = "<group>"; };
		FA96C37A2146DCD600788BE0 /* Base */ = {isa = PBXFileReference; lastKnownFileType = file.storyboard; name = Base; path = Base.lproj/Main.storyboard; sourceTree = "<group>"; };
		FA96C37C2146DCD600788BE0 /* Assets.xcassets */ = {isa = PBXFileReference; lastKnownFileType = folder.assetcatalog; path = Assets.xcassets; sourceTree = "<group>"; };
		FA96C37F2146DCD600788BE0 /* Base */ = {isa = PBXFileReference; lastKnownFileType = file.storyboard; name = Base; path = Base.lproj/LaunchScreen.storyboard; sourceTree = "<group>"; };
		FA96C3812146DCD700788BE0 /* Info.plist */ = {isa = PBXFileReference; lastKnownFileType = text.plist.xml; path = Info.plist; sourceTree = "<group>"; };
		FA96C3872146DD5600788BE0 /* AppHomeMapSpriteKit.entitlements */ = {isa = PBXFileReference; lastKnownFileType = text.plist.entitlements; path = AppHomeMapSpriteKit.entitlements; sourceTree = "<group>"; };
		FA96C38B2146DD5900788BE0 /* MapKit.framework */ = {isa = PBXFileReference; lastKnownFileType = wrapper.framework; name = MapKit.framework; path = System/Library/Frameworks/MapKit.framework; sourceTree = SDKROOT; };
		FA96C38D2146E4C000788BE0 /* localHouse.json */ = {isa = PBXFileReference; lastKnownFileType = text.json; path = localHouse.json; sourceTree = "<group>"; };
/* End PBXFileReference section */

/* Begin PBXFrameworksBuildPhase section */
		FA96C36F2146DCD600788BE0 /* Frameworks */ = {
			isa = PBXFrameworksBuildPhase;
			buildActionMask = 2147483647;
			files = (
				C6FEAF2821485659009223CD /* HomeKit.framework in Frameworks */,
				FA96C38C2146DD5900788BE0 /* MapKit.framework in Frameworks */,
			);
			runOnlyForDeploymentPostprocessing = 0;
		};
/* End PBXFrameworksBuildPhase section */

/* Begin PBXGroup section */
		FA96C3692146DCD500788BE0 = {
			isa = PBXGroup;
			children = (
				FA96C3742146DCD600788BE0 /* AppHomeMapSpriteKit */,
				FA96C3732146DCD600788BE0 /* Products */,
				FA96C3882146DD5600788BE0 /* Frameworks */,
			);
			sourceTree = "<group>";
		};
		FA96C3732146DCD600788BE0 /* Products */ = {
			isa = PBXGroup;
			children = (
				FA96C3722146DCD600788BE0 /* AppHomeMapSpriteKit.app */,
			);
			name = Products;
			sourceTree = "<group>";
		};
		FA96C3742146DCD600788BE0 /* AppHomeMapSpriteKit */ = {
			isa = PBXGroup;
			children = (
				FA96C3872146DD5600788BE0 /* AppHomeMapSpriteKit.entitlements */,
				FA96C3752146DCD600788BE0 /* AppDelegate.swift */,
				FA96C3772146DCD600788BE0 /* ViewController.swift */,
				C6F2518B2148B3FA00031F45 /* LocationSearchTable.swift */,
				FA96C38D2146E4C000788BE0 /* localHouse.json */,
				C67BAD8C214A38DE00A1F347 /* localDevices.json */,
				C67BAD8F214A38DE00A1F347 /* Assets.xcassets */,
				C67BAD8E214A38DE00A1F347 /* Base.lproj */,
				C67BAD90214A38DE00A1F347 /* CatalogueTableViewController.swift */,
				C67BAD8D214A38DE00A1F347 /* DeviceCatalogue.swift */,
				C67BAD91214A38DE00A1F347 /* DeviceRecord.swift */,
				C67BAD92214A38DF00A1F347 /* PlaceCatalogue.swift */,
				C67BAD93214A38DF00A1F347 /* PlaceRecord.swift */,
				FA96C3792146DCD600788BE0 /* Main.storyboard */,
				FA96C37C2146DCD600788BE0 /* Assets.xcassets */,
				FA96C37E2146DCD600788BE0 /* LaunchScreen.storyboard */,
				FA96C3812146DCD700788BE0 /* Info.plist */,
			);
			path = AppHomeMapSpriteKit;
			sourceTree = "<group>";
		};
		FA96C3882146DD5600788BE0 /* Frameworks */ = {
			isa = PBXGroup;
			children = (
				C6FEAF2721485659009223CD /* HomeKit.framework */,
				FA96C38B2146DD5900788BE0 /* MapKit.framework */,
			);
			name = Frameworks;
			sourceTree = "<group>";
		};
/* End PBXGroup section */

/* Begin PBXNativeTarget section */
		FA96C3712146DCD600788BE0 /* AppHomeMapSpriteKit */ = {
			isa = PBXNativeTarget;
			buildConfigurationList = FA96C3842146DCD700788BE0 /* Build configuration list for PBXNativeTarget "AppHomeMapSpriteKit" */;
			buildPhases = (
				FA96C36E2146DCD600788BE0 /* Sources */,
				FA96C36F2146DCD600788BE0 /* Frameworks */,
				FA96C3702146DCD600788BE0 /* Resources */,
			);
			buildRules = (
			);
			dependencies = (
			);
			name = AppHomeMapSpriteKit;
			productName = AppHomeMapSpriteKit;
			productReference = FA96C3722146DCD600788BE0 /* AppHomeMapSpriteKit.app */;
			productType = "com.apple.product-type.application";
		};
/* End PBXNativeTarget section */

/* Begin PBXProject section */
		FA96C36A2146DCD500788BE0 /* Project object */ = {
			isa = PBXProject;
			attributes = {
				LastSwiftUpdateCheck = 0940;
				LastUpgradeCheck = 0940;
				ORGANIZATIONNAME = EHE;
				TargetAttributes = {
					FA96C3712146DCD600788BE0 = {
						CreatedOnToolsVersion = 9.4.1;
						SystemCapabilities = {
							com.apple.HomeKit = {
								enabled = 1;
							};
							com.apple.Maps.iOS = {
								enabled = 1;
							};
						};
					};
				};
			};
			buildConfigurationList = FA96C36D2146DCD500788BE0 /* Build configuration list for PBXProject "AppHomeMapSpriteKit" */;
			compatibilityVersion = "Xcode 9.3";
			developmentRegion = en;
			hasScannedForEncodings = 0;
			knownRegions = (
				en,
				Base,
			);
			mainGroup = FA96C3692146DCD500788BE0;
			productRefGroup = FA96C3732146DCD600788BE0 /* Products */;
			projectDirPath = "";
			projectRoot = "";
			targets = (
				FA96C3712146DCD600788BE0 /* AppHomeMapSpriteKit */,
			);
		};
/* End PBXProject section */

/* Begin PBXResourcesBuildPhase section */
		FA96C3702146DCD600788BE0 /* Resources */ = {
			isa = PBXResourcesBuildPhase;
			buildActionMask = 2147483647;
			files = (
				FA96C3802146DCD600788BE0 /* LaunchScreen.storyboard in Resources */,
				FA96C37D2146DCD600788BE0 /* Assets.xcassets in Resources */,
				FA96C38E2146E4C000788BE0 /* localHouse.json in Resources */,
				FA96C37B2146DCD600788BE0 /* Main.storyboard in Resources */,
				C67BAD97214A38DF00A1F347 /* Assets.xcassets in Resources */,
				C67BAD96214A38DF00A1F347 /* Base.lproj in Resources */,
				C67BAD94214A38DF00A1F347 /* localDevices.json in Resources */,
			);
			runOnlyForDeploymentPostprocessing = 0;
		};
/* End PBXResourcesBuildPhase section */

/* Begin PBXSourcesBuildPhase section */
		FA96C36E2146DCD600788BE0 /* Sources */ = {
			isa = PBXSourcesBuildPhase;
			buildActionMask = 2147483647;
			files = (
				C67BAD9B214A38DF00A1F347 /* PlaceRecord.swift in Sources */,
				C67BAD9A214A38DF00A1F347 /* PlaceCatalogue.swift in Sources */,
				C67BAD99214A38DF00A1F347 /* DeviceRecord.swift in Sources */,
				C67BAD98214A38DF00A1F347 /* CatalogueTableViewController.swift in Sources */,
				C6F2518C2148B3FA00031F45 /* LocationSearchTable.swift in Sources */,
				C67BAD95214A38DF00A1F347 /* DeviceCatalogue.swift in Sources */,
				FA96C3782146DCD600788BE0 /* ViewController.swift in Sources */,
				FA96C3762146DCD600788BE0 /* AppDelegate.swift in Sources */,
			);
			runOnlyForDeploymentPostprocessing = 0;
		};
/* End PBXSourcesBuildPhase section */

/* Begin PBXVariantGroup section */
		FA96C3792146DCD600788BE0 /* Main.storyboard */ = {
			isa = PBXVariantGroup;
			children = (
				FA96C37A2146DCD600788BE0 /* Base */,
			);
			name = Main.storyboard;
			sourceTree = "<group>";
		};
		FA96C37E2146DCD600788BE0 /* LaunchScreen.storyboard */ = {
			isa = PBXVariantGroup;
			children = (
				FA96C37F2146DCD600788BE0 /* Base */,
			);
			name = LaunchScreen.storyboard;
			sourceTree = "<group>";
		};
/* End PBXVariantGroup section */

/* Begin XCBuildConfiguration section */
		FA96C3822146DCD700788BE0 /* Debug */ = {
			isa = XCBuildConfiguration;
			buildSettings = {
				ALWAYS_SEARCH_USER_PATHS = NO;
				CLANG_ANALYZER_NONNULL = YES;
				CLANG_ANALYZER_NUMBER_OBJECT_CONVERSION = YES_AGGRESSIVE;
				CLANG_CXX_LANGUAGE_STANDARD = "gnu++14";
				CLANG_CXX_LIBRARY = "libc++";
				CLANG_ENABLE_MODULES = YES;
				CLANG_ENABLE_OBJC_ARC = YES;
				CLANG_ENABLE_OBJC_WEAK = YES;
				CLANG_WARN_BLOCK_CAPTURE_AUTORELEASING = YES;
				CLANG_WARN_BOOL_CONVERSION = YES;
				CLANG_WARN_COMMA = YES;
				CLANG_WARN_CONSTANT_CONVERSION = YES;
				CLANG_WARN_DEPRECATED_OBJC_IMPLEMENTATIONS = YES;
				CLANG_WARN_DIRECT_OBJC_ISA_USAGE = YES_ERROR;
				CLANG_WARN_DOCUMENTATION_COMMENTS = YES;
				CLANG_WARN_EMPTY_BODY = YES;
				CLANG_WARN_ENUM_CONVERSION = YES;
				CLANG_WARN_INFINITE_RECURSION = YES;
				CLANG_WARN_INT_CONVERSION = YES;
				CLANG_WARN_NON_LITERAL_NULL_CONVERSION = YES;
				CLANG_WARN_OBJC_IMPLICIT_RETAIN_SELF = YES;
				CLANG_WARN_OBJC_LITERAL_CONVERSION = YES;
				CLANG_WARN_OBJC_ROOT_CLASS = YES_ERROR;
				CLANG_WARN_RANGE_LOOP_ANALYSIS = YES;
				CLANG_WARN_STRICT_PROTOTYPES = YES;
				CLANG_WARN_SUSPICIOUS_MOVE = YES;
				CLANG_WARN_UNGUARDED_AVAILABILITY = YES_AGGRESSIVE;
				CLANG_WARN_UNREACHABLE_CODE = YES;
				CLANG_WARN__DUPLICATE_METHOD_MATCH = YES;
				CODE_SIGN_IDENTITY = "iPhone Developer";
				COPY_PHASE_STRIP = NO;
				DEBUG_INFORMATION_FORMAT = dwarf;
				ENABLE_STRICT_OBJC_MSGSEND = YES;
				ENABLE_TESTABILITY = YES;
				GCC_C_LANGUAGE_STANDARD = gnu11;
				GCC_DYNAMIC_NO_PIC = NO;
				GCC_NO_COMMON_BLOCKS = YES;
				GCC_OPTIMIZATION_LEVEL = 0;
				GCC_PREPROCESSOR_DEFINITIONS = (
					"DEBUG=1",
					"$(inherited)",
				);
				GCC_WARN_64_TO_32_BIT_CONVERSION = YES;
				GCC_WARN_ABOUT_RETURN_TYPE = YES_ERROR;
				GCC_WARN_UNDECLARED_SELECTOR = YES;
				GCC_WARN_UNINITIALIZED_AUTOS = YES_AGGRESSIVE;
				GCC_WARN_UNUSED_FUNCTION = YES;
				GCC_WARN_UNUSED_VARIABLE = YES;
				IPHONEOS_DEPLOYMENT_TARGET = 11.4;
				MTL_ENABLE_DEBUG_INFO = YES;
				ONLY_ACTIVE_ARCH = YES;
				SDKROOT = iphoneos;
				SWIFT_ACTIVE_COMPILATION_CONDITIONS = DEBUG;
				SWIFT_OPTIMIZATION_LEVEL = "-Onone";
			};
			name = Debug;
		};
		FA96C3832146DCD700788BE0 /* Release */ = {
			isa = XCBuildConfiguration;
			buildSettings = {
				ALWAYS_SEARCH_USER_PATHS = NO;
				CLANG_ANALYZER_NONNULL = YES;
				CLANG_ANALYZER_NUMBER_OBJECT_CONVERSION = YES_AGGRESSIVE;
				CLANG_CXX_LANGUAGE_STANDARD = "gnu++14";
				CLANG_CXX_LIBRARY = "libc++";
				CLANG_ENABLE_MODULES = YES;
				CLANG_ENABLE_OBJC_ARC = YES;
				CLANG_ENABLE_OBJC_WEAK = YES;
				CLANG_WARN_BLOCK_CAPTURE_AUTORELEASING = YES;
				CLANG_WARN_BOOL_CONVERSION = YES;
				CLANG_WARN_COMMA = YES;
				CLANG_WARN_CONSTANT_CONVERSION = YES;
				CLANG_WARN_DEPRECATED_OBJC_IMPLEMENTATIONS = YES;
				CLANG_WARN_DIRECT_OBJC_ISA_USAGE = YES_ERROR;
				CLANG_WARN_DOCUMENTATION_COMMENTS = YES;
				CLANG_WARN_EMPTY_BODY = YES;
				CLANG_WARN_ENUM_CONVERSION = YES;
				CLANG_WARN_INFINITE_RECURSION = YES;
				CLANG_WARN_INT_CONVERSION = YES;
				CLANG_WARN_NON_LITERAL_NULL_CONVERSION = YES;
				CLANG_WARN_OBJC_IMPLICIT_RETAIN_SELF = YES;
				CLANG_WARN_OBJC_LITERAL_CONVERSION = YES;
				CLANG_WARN_OBJC_ROOT_CLASS = YES_ERROR;
				CLANG_WARN_RANGE_LOOP_ANALYSIS = YES;
				CLANG_WARN_STRICT_PROTOTYPES = YES;
				CLANG_WARN_SUSPICIOUS_MOVE = YES;
				CLANG_WARN_UNGUARDED_AVAILABILITY = YES_AGGRESSIVE;
				CLANG_WARN_UNREACHABLE_CODE = YES;
				CLANG_WARN__DUPLICATE_METHOD_MATCH = YES;
				CODE_SIGN_IDENTITY = "iPhone Developer";
				COPY_PHASE_STRIP = NO;
				DEBUG_INFORMATION_FORMAT = "dwarf-with-dsym";
				ENABLE_NS_ASSERTIONS = NO;
				ENABLE_STRICT_OBJC_MSGSEND = YES;
				GCC_C_LANGUAGE_STANDARD = gnu11;
				GCC_NO_COMMON_BLOCKS = YES;
				GCC_WARN_64_TO_32_BIT_CONVERSION = YES;
				GCC_WARN_ABOUT_RETURN_TYPE = YES_ERROR;
				GCC_WARN_UNDECLARED_SELECTOR = YES;
				GCC_WARN_UNINITIALIZED_AUTOS = YES_AGGRESSIVE;
				GCC_WARN_UNUSED_FUNCTION = YES;
				GCC_WARN_UNUSED_VARIABLE = YES;
				IPHONEOS_DEPLOYMENT_TARGET = 11.4;
				MTL_ENABLE_DEBUG_INFO = NO;
				SDKROOT = iphoneos;
				SWIFT_COMPILATION_MODE = wholemodule;
				SWIFT_OPTIMIZATION_LEVEL = "-O";
				VALIDATE_PRODUCT = YES;
			};
			name = Release;
		};
		FA96C3852146DCD700788BE0 /* Debug */ = {
			isa = XCBuildConfiguration;
			buildSettings = {
				ASSETCATALOG_COMPILER_APPICON_NAME = AppIcon;
				CODE_SIGN_ENTITLEMENTS = AppHomeMapSpriteKit/AppHomeMapSpriteKit.entitlements;
				CODE_SIGN_STYLE = Automatic;
				DEVELOPMENT_TEAM = WYU75Q6GRW;
				INFOPLIST_FILE = AppHomeMapSpriteKit/Info.plist;
				LD_RUNPATH_SEARCH_PATHS = (
					"$(inherited)",
					"@executable_path/Frameworks",
				);
				PRODUCT_BUNDLE_IDENTIFIER = EHE.AppHomeMapSpriteKit;
				PRODUCT_NAME = "$(TARGET_NAME)";
				SWIFT_VERSION = 4.0;
				TARGETED_DEVICE_FAMILY = "1,2";
			};
			name = Debug;
		};
		FA96C3862146DCD700788BE0 /* Release */ = {
			isa = XCBuildConfiguration;
			buildSettings = {
				ASSETCATALOG_COMPILER_APPICON_NAME = AppIcon;
				CODE_SIGN_ENTITLEMENTS = AppHomeMapSpriteKit/AppHomeMapSpriteKit.entitlements;
				CODE_SIGN_STYLE = Automatic;
				DEVELOPMENT_TEAM = WYU75Q6GRW;
				INFOPLIST_FILE = AppHomeMapSpriteKit/Info.plist;
				LD_RUNPATH_SEARCH_PATHS = (
					"$(inherited)",
					"@executable_path/Frameworks",
				);
				PRODUCT_BUNDLE_IDENTIFIER = EHE.AppHomeMapSpriteKit;
				PRODUCT_NAME = "$(TARGET_NAME)";
				SWIFT_VERSION = 4.0;
				TARGETED_DEVICE_FAMILY = "1,2";
			};
			name = Release;
		};
/* End XCBuildConfiguration section */

/* Begin XCConfigurationList section */
		FA96C36D2146DCD500788BE0 /* Build configuration list for PBXProject "AppHomeMapSpriteKit" */ = {
			isa = XCConfigurationList;
			buildConfigurations = (
				FA96C3822146DCD700788BE0 /* Debug */,
				FA96C3832146DCD700788BE0 /* Release */,
			);
			defaultConfigurationIsVisible = 0;
			defaultConfigurationName = Release;
		};
		FA96C3842146DCD700788BE0 /* Build configuration list for PBXNativeTarget "AppHomeMapSpriteKit" */ = {
			isa = XCConfigurationList;
			buildConfigurations = (
				FA96C3852146DCD700788BE0 /* Debug */,
				FA96C3862146DCD700788BE0 /* Release */,
			);
			defaultConfigurationIsVisible = 0;
			defaultConfigurationName = Release;
		};
/* End XCConfigurationList section */
	};
	rootObject = FA96C36A2146DCD500788BE0 /* Project object */;
}
